
Microsoft Visual Studio Solution File, Format Version 12.00
# Visual Studio 15
VisualStudioVersion = 15.0.27703.2035
MinimumVisualStudioVersion = 10.0.40219.1
Project("{9A19103F-16F7-4668-BE54-9A1E7A4F7556}") = "qlik-engineapi-generator", "qlik-engineapi-generator\qlik-engineapi-generator.csproj", "{285CA62A-D9C9-4BC8-BDFE-8994FDD07B2F}"
EndProject
Project("{9A19103F-16F7-4668-BE54-9A1E7A4F7556}") = "qlik-engineapi-nuget", "qlik-engineapi-nuget\qlik-engineapi-nuget.csproj", "{75D505C9-DA33-475A-AFE4-0802F2432683}"
EndProject
Global
	GlobalSection(SolutionConfigurationPlatforms) = preSolution
		Debug|Any CPU = Debug|Any CPU
		Release|Any CPU = Release|Any CPU
	EndGlobalSection
	GlobalSection(ProjectConfigurationPlatforms) = postSolution
		{285CA62A-D9C9-4BC8-BDFE-8994FDD07B2F}.Debug|Any CPU.ActiveCfg = Debug|Any CPU
		{285CA62A-D9C9-4BC8-BDFE-8994FDD07B2F}.Debug|Any CPU.Build.0 = Debug|Any CPU
		{285CA62A-D9C9-4BC8-BDFE-8994FDD07B2F}.Release|Any CPU.ActiveCfg = Release|Any CPU
		{285CA62A-D9C9-4BC8-BDFE-8994FDD07B2F}.Release|Any CPU.Build.0 = Release|Any CPU
		{75D505C9-DA33-475A-AFE4-0802F2432683}.Debug|Any CPU.ActiveCfg = Debug|Any CPU
		{75D505C9-DA33-475A-AFE4-0802F2432683}.Debug|Any CPU.Build.0 = Debug|Any CPU
		{75D505C9-DA33-475A-AFE4-0802F2432683}.Release|Any CPU.ActiveCfg = Release|Any CPU
		{75D505C9-DA33-475A-AFE4-0802F2432683}.Release|Any CPU.Build.0 = Release|Any CPU
	EndGlobalSection
	GlobalSection(SolutionProperties) = preSolution
		HideSolutionNode = FALSE
	EndGlobalSection
	GlobalSection(ExtensibilityGlobals) = postSolution
		SolutionGuid = {8497BEC5-2D4C-428E-B2F9-68E623A6AA6A}
	EndGlobalSection
EndGlobal
